
Microsoft Visual Studio Solution File, Format Version 12.00
# Visual Studio Version 17
VisualStudioVersion = 17.4.33213.308
MinimumVisualStudioVersion = 10.0.40219.1
Project("{FAE04EC0-301F-11D3-BF4B-00C04F79EFBC}") = "LearnMiddleware", "LearnMiddleware\LearnMiddleware.csproj", "{24C6404C-A2EE-4E51-BBC6-DEBD1DFFC830}"
EndProject
Global
	GlobalSection(SolutionConfigurationPlatforms) = preSolution
		Debug|Any CPU = Debug|Any CPU
		Release|Any CPU = Release|Any CPU
	EndGlobalSection
	GlobalSection(ProjectConfigurationPlatforms) = postSolution
		{24C6404C-A2EE-4E51-BBC6-DEBD1DFFC830}.Debug|Any CPU.ActiveCfg = Debug|Any CPU
		{24C6404C-A2EE-4E51-BBC6-DEBD1DFFC830}.Debug|Any CPU.Build.0 = Debug|Any CPU
		{24C6404C-A2EE-4E51-BBC6-DEBD1DFFC830}.Release|Any CPU.ActiveCfg = Release|Any CPU
		{24C6404C-A2EE-4E51-BBC6-DEBD1DFFC830}.Release|Any CPU.Build.0 = Release|Any CPU
	EndGlobalSection
	GlobalSection(SolutionProperties) = preSolution
		HideSolutionNode = FALSE
	EndGlobalSection
	GlobalSection(ExtensibilityGlobals) = postSolution
		SolutionGuid = {42B4F922-D86C-4AE6-BE7F-97706E858CCB}
	EndGlobalSection
EndGlobal
